
Microsoft Visual Studio Solution File, Format Version 12.00
# Visual Studio Version 17
VisualStudioVersion = 17.1.32210.238
MinimumVisualStudioVersion = 10.0.40219.1
Project("{FAE04EC0-301F-11D3-BF4B-00C04F79EFBC}") = "server", "server.csproj", "{BB9A8224-1ACA-4216-BDC0-2477F176D8EC}"
EndProject
Global
	GlobalSection(SolutionConfigurationPlatforms) = preSolution
		Debug|Any CPU = Debug|Any CPU
		Release|Any CPU = Release|Any CPU
	EndGlobalSection
	GlobalSection(ProjectConfigurationPlatforms) = postSolution
		{BB9A8224-1ACA-4216-BDC0-2477F176D8EC}.Debug|Any CPU.ActiveCfg = Debug|Any CPU
		{BB9A8224-1ACA-4216-BDC0-2477F176D8EC}.Debug|Any CPU.Build.0 = Debug|Any CPU
		{BB9A8224-1ACA-4216-BDC0-2477F176D8EC}.Release|Any CPU.ActiveCfg = Release|Any CPU
		{BB9A8224-1ACA-4216-BDC0-2477F176D8EC}.Release|Any CPU.Build.0 = Release|Any CPU
	EndGlobalSection
	GlobalSection(SolutionProperties) = preSolution
		HideSolutionNode = FALSE
	EndGlobalSection
	GlobalSection(ExtensibilityGlobals) = postSolution
		SolutionGuid = {D5A649D5-E836-43ED-969B-9AE7BF8721C4}
	EndGlobalSection
EndGlobal
